// !$*UTF8*$!
{
	archiveVersion = 1;
	classes = {
	};
	objectVersion = 46;
	objects = {

/* Begin PBXBuildFile section */
		2C216D3F17E3A91100F2664A /* HistoryTableViewCell.m in Sources */ = {isa = PBXBuildFile; fileRef = 2C216D3E17E3A91100F2664A /* HistoryTableViewCell.m */; };
		2C216D4217E3A93800F2664A /* HistoryTBViewController.m in Sources */ = {isa = PBXBuildFile; fileRef = 2C216D4117E3A93800F2664A /* HistoryTBViewController.m */; };
		2C216D4417E3BEF500F2664A /* history_bg@2x.png in Resources */ = {isa = PBXBuildFile; fileRef = 2C216D4317E3BEF500F2664A /* history_bg@2x.png */; };
		2CE8F09617E2E779002D3FE7 /* UIKit.framework in Frameworks */ = {isa = PBXBuildFile; fileRef = 2CE8F09517E2E779002D3FE7 /* UIKit.framework */; };
		2CE8F09817E2E779002D3FE7 /* Foundation.framework in Frameworks */ = {isa = PBXBuildFile; fileRef = 2CE8F09717E2E779002D3FE7 /* Foundation.framework */; };
		2CE8F09A17E2E779002D3FE7 /* CoreGraphics.framework in Frameworks */ = {isa = PBXBuildFile; fileRef = 2CE8F09917E2E779002D3FE7 /* CoreGraphics.framework */; };
		2CE8F0A017E2E779002D3FE7 /* InfoPlist.strings in Resources */ = {isa = PBXBuildFile; fileRef = 2CE8F09E17E2E779002D3FE7 /* InfoPlist.strings */; };
		2CE8F0A217E2E779002D3FE7 /* main.m in Sources */ = {isa = PBXBuildFile; fileRef = 2CE8F0A117E2E779002D3FE7 /* main.m */; };
		2CE8F0A617E2E779002D3FE7 /* AppDelegate.m in Sources */ = {isa = PBXBuildFile; fileRef = 2CE8F0A517E2E779002D3FE7 /* AppDelegate.m */; };
		2CE8F0A817E2E779002D3FE7 /* Default.png in Resources */ = {isa = PBXBuildFile; fileRef = 2CE8F0A717E2E779002D3FE7 /* Default.png */; };
		2CE8F0AA17E2E779002D3FE7 /* Default@2x.png in Resources */ = {isa = PBXBuildFile; fileRef = 2CE8F0A917E2E779002D3FE7 /* Default@2x.png */; };
		2CE8F0AC17E2E779002D3FE7 /* Default-568h@2x.png in Resources */ = {isa = PBXBuildFile; fileRef = 2CE8F0AB17E2E779002D3FE7 /* Default-568h@2x.png */; };
		2CE8F0B917E2E7DE002D3FE7 /* SampleHeartRateAppViewController.xib in Resources */ = {isa = PBXBuildFile; fileRef = 2CE8F0B817E2E7DE002D3FE7 /* SampleHeartRateAppViewController.xib */; };
		2CE8F0BE17E2E7EB002D3FE7 /* SampleHeartRateAppViewController.m in Sources */ = {isa = PBXBuildFile; fileRef = 2CE8F0BB17E2E7EB002D3FE7 /* SampleHeartRateAppViewController.m */; };
		2CE8F0BF17E2E7EB002D3FE7 /* SimpleChart.m in Sources */ = {isa = PBXBuildFile; fileRef = 2CE8F0BD17E2E7EB002D3FE7 /* SimpleChart.m */; };
		2CE8F0C117E2E86D002D3FE7 /* AVFoundation.framework in Frameworks */ = {isa = PBXBuildFile; fileRef = 2CE8F0C017E2E86D002D3FE7 /* AVFoundation.framework */; };
		2CE8F0C317E2E889002D3FE7 /* CoreMedia.framework in Frameworks */ = {isa = PBXBuildFile; fileRef = 2CE8F0C217E2E889002D3FE7 /* CoreMedia.framework */; };
		2CE8F0C517E2E893002D3FE7 /* CoreVideo.framework in Frameworks */ = {isa = PBXBuildFile; fileRef = 2CE8F0C417E2E893002D3FE7 /* CoreVideo.framework */; };
		5AC1B26D17E309E9008154A5 /* HelpView.m in Sources */ = {isa = PBXBuildFile; fileRef = 5AC1B26C17E309E9008154A5 /* HelpView.m */; };
		5AC1B27317E310E0008154A5 /* main_bg.png in Resources */ = {isa = PBXBuildFile; fileRef = 5AC1B27217E310E0008154A5 /* main_bg.png */; };
		5AC1B27517E31ED5008154A5 /* iPhone_big_info@2x.png in Resources */ = {isa = PBXBuildFile; fileRef = 5AC1B27417E31ED5008154A5 /* iPhone_big_info@2x.png */; };
		5AC1B27917E32690008154A5 /* finger_big_info@2x.png in Resources */ = {isa = PBXBuildFile; fileRef = 5AC1B27817E32690008154A5 /* finger_big_info@2x.png */; };
		5AC1B27B17E32D42008154A5 /* ProximaNova-Light.otf in Resources */ = {isa = PBXBuildFile; fileRef = 5AC1B27A17E32D42008154A5 /* ProximaNova-Light.otf */; };
		5AC1B2C717E33DCA008154A5 /* 2.png in Resources */ = {isa = PBXBuildFile; fileRef = 5AC1B2BD17E33DCA008154A5 /* 2.png */; };
		5AC1B2C817E33DCA008154A5 /* 3.png in Resources */ = {isa = PBXBuildFile; fileRef = 5AC1B2BE17E33DCA008154A5 /* 3.png */; };
		5AC1B2C917E33DCA008154A5 /* 4.png in Resources */ = {isa = PBXBuildFile; fileRef = 5AC1B2BF17E33DCA008154A5 /* 4.png */; };
		5AC1B2CA17E33DCA008154A5 /* 5.png in Resources */ = {isa = PBXBuildFile; fileRef = 5AC1B2C017E33DCA008154A5 /* 5.png */; };
		5AC1B2CB17E33DCA008154A5 /* 6.png in Resources */ = {isa = PBXBuildFile; fileRef = 5AC1B2C117E33DCA008154A5 /* 6.png */; };
		5AC1B2CC17E33DCA008154A5 /* 7.png in Resources */ = {isa = PBXBuildFile; fileRef = 5AC1B2C217E33DCA008154A5 /* 7.png */; };
		5AC1B2CD17E33DCA008154A5 /* 8.png in Resources */ = {isa = PBXBuildFile; fileRef = 5AC1B2C317E33DCA008154A5 /* 8.png */; };
		5AC1B2CE17E33DCA008154A5 /* 9.png in Resources */ = {isa = PBXBuildFile; fileRef = 5AC1B2C417E33DCA008154A5 /* 9.png */; };
		5AC1B2CF17E33DCA008154A5 /* 10.png in Resources */ = {isa = PBXBuildFile; fileRef = 5AC1B2C517E33DCA008154A5 /* 10.png */; };
		5AC1B2D017E33DCA008154A5 /* 11.png in Resources */ = {isa = PBXBuildFile; fileRef = 5AC1B2C617E33DCA008154A5 /* 11.png */; };
		5AC1B2D217E33E08008154A5 /* 1.png in Resources */ = {isa = PBXBuildFile; fileRef = 5AC1B2D117E33E08008154A5 /* 1.png */; };
		5AC1B2D717E34CFA008154A5 /* QuartzCore.framework in Frameworks */ = {isa = PBXBuildFile; fileRef = 5AC1B2D617E34CFA008154A5 /* QuartzCore.framework */; };
		5AC1B2D917E3A623008154A5 /* Accelerate.framework in Frameworks */ = {isa = PBXBuildFile; fileRef = 5AC1B2D817E3A623008154A5 /* Accelerate.framework */; };
		5AC1B2DF17E3A771008154A5 /* burger@2x.png in Resources */ = {isa = PBXBuildFile; fileRef = 5AC1B2DB17E3A771008154A5 /* burger@2x.png */; };
		5AC1B2E517E3A7BD008154A5 /* RNFrostedSidebar.m in Sources */ = {isa = PBXBuildFile; fileRef = 5AC1B2E417E3A7BD008154A5 /* RNFrostedSidebar.m */; };
		5AC1B2E717E3AB63008154A5 /* profile@2x.png in Resources */ = {isa = PBXBuildFile; fileRef = 5AC1B2E617E3AB63008154A5 /* profile@2x.png */; };
		5AC1B2F417E3B8EC008154A5 /* gear@2x.png in Resources */ = {isa = PBXBuildFile; fileRef = 5AC1B2F217E3B8EC008154A5 /* gear@2x.png */; };
		5AC1B2F517E3B8EC008154A5 /* star@2x.png in Resources */ = {isa = PBXBuildFile; fileRef = 5AC1B2F317E3B8EC008154A5 /* star@2x.png */; };
		5AC1B2F717E3B8FB008154A5 /* globe@2x.png in Resources */ = {isa = PBXBuildFile; fileRef = 5AC1B2F617E3B8FB008154A5 /* globe@2x.png */; };
		5AC1B30217E3C10A008154A5 /* beat.aif in Resources */ = {isa = PBXBuildFile; fileRef = 5AC1B30117E3C10A008154A5 /* beat.aif */; };
		5AC1B30517E3C11A008154A5 /* SoundUtil.m in Sources */ = {isa = PBXBuildFile; fileRef = 5AC1B30417E3C11A008154A5 /* SoundUtil.m */; };
		5AC1B30717E3C133008154A5 /* AudioToolbox.framework in Frameworks */ = {isa = PBXBuildFile; fileRef = 5AC1B30617E3C133008154A5 /* AudioToolbox.framework */; };
		5AC1B30917E3C20B008154A5 /* countdown.aif in Resources */ = {isa = PBXBuildFile; fileRef = 5AC1B30817E3C20B008154A5 /* countdown.aif */; };
		5AC1B30B17E3C39B008154A5 /* beep-old1.wav in Resources */ = {isa = PBXBuildFile; fileRef = 5AC1B30A17E3C39B008154A5 /* beep-old1.wav */; };
/* End PBXBuildFile section */

/* Begin PBXFileReference section */
		2C216D3D17E3A91100F2664A /* HistoryTableViewCell.h */ = {isa = PBXFileReference; fileEncoding = 4; lastKnownFileType = sourcecode.c.h; path = HistoryTableViewCell.h; sourceTree = "<group>"; };
		2C216D3E17E3A91100F2664A /* HistoryTableViewCell.m */ = {isa = PBXFileReference; fileEncoding = 4; lastKnownFileType = sourcecode.c.objc; path = HistoryTableViewCell.m; sourceTree = "<group>"; };
		2C216D4017E3A93800F2664A /* HistoryTBViewController.h */ = {isa = PBXFileReference; fileEncoding = 4; lastKnownFileType = sourcecode.c.h; path = HistoryTBViewController.h; sourceTree = "<group>"; };
		2C216D4117E3A93800F2664A /* HistoryTBViewController.m */ = {isa = PBXFileReference; fileEncoding = 4; lastKnownFileType = sourcecode.c.objc; path = HistoryTBViewController.m; sourceTree = "<group>"; };
		2C216D4317E3BEF500F2664A /* history_bg@2x.png */ = {isa = PBXFileReference; lastKnownFileType = image.png; path = "history_bg@2x.png"; sourceTree = "<group>"; };
		2CE8F09217E2E779002D3FE7 /* HeartBeatAnalyzer.app */ = {isa = PBXFileReference; explicitFileType = wrapper.application; includeInIndex = 0; path = HeartBeatAnalyzer.app; sourceTree = BUILT_PRODUCTS_DIR; };
		2CE8F09517E2E779002D3FE7 /* UIKit.framework */ = {isa = PBXFileReference; lastKnownFileType = wrapper.framework; name = UIKit.framework; path = System/Library/Frameworks/UIKit.framework; sourceTree = SDKROOT; };
		2CE8F09717E2E779002D3FE7 /* Foundation.framework */ = {isa = PBXFileReference; lastKnownFileType = wrapper.framework; name = Foundation.framework; path = System/Library/Frameworks/Foundation.framework; sourceTree = SDKROOT; };
		2CE8F09917E2E779002D3FE7 /* CoreGraphics.framework */ = {isa = PBXFileReference; lastKnownFileType = wrapper.framework; name = CoreGraphics.framework; path = System/Library/Frameworks/CoreGraphics.framework; sourceTree = SDKROOT; };
		2CE8F09D17E2E779002D3FE7 /* HeartBeatAnalyzer-Info.plist */ = {isa = PBXFileReference; lastKnownFileType = text.plist.xml; path = "HeartBeatAnalyzer-Info.plist"; sourceTree = "<group>"; };
		2CE8F09F17E2E779002D3FE7 /* en */ = {isa = PBXFileReference; lastKnownFileType = text.plist.strings; name = en; path = en.lproj/InfoPlist.strings; sourceTree = "<group>"; };
		2CE8F0A117E2E779002D3FE7 /* main.m */ = {isa = PBXFileReference; lastKnownFileType = sourcecode.c.objc; path = main.m; sourceTree = "<group>"; };
		2CE8F0A317E2E779002D3FE7 /* HeartBeatAnalyzer-Prefix.pch */ = {isa = PBXFileReference; lastKnownFileType = sourcecode.c.h; path = "HeartBeatAnalyzer-Prefix.pch"; sourceTree = "<group>"; };
		2CE8F0A417E2E779002D3FE7 /* AppDelegate.h */ = {isa = PBXFileReference; lastKnownFileType = sourcecode.c.h; path = AppDelegate.h; sourceTree = "<group>"; };
		2CE8F0A517E2E779002D3FE7 /* AppDelegate.m */ = {isa = PBXFileReference; lastKnownFileType = sourcecode.c.objc; path = AppDelegate.m; sourceTree = "<group>"; };
		2CE8F0A717E2E779002D3FE7 /* Default.png */ = {isa = PBXFileReference; lastKnownFileType = image.png; path = Default.png; sourceTree = "<group>"; };
		2CE8F0A917E2E779002D3FE7 /* Default@2x.png */ = {isa = PBXFileReference; lastKnownFileType = image.png; path = "Default@2x.png"; sourceTree = "<group>"; };
		2CE8F0AB17E2E779002D3FE7 /* Default-568h@2x.png */ = {isa = PBXFileReference; lastKnownFileType = image.png; path = "Default-568h@2x.png"; sourceTree = "<group>"; };
		2CE8F0B817E2E7DE002D3FE7 /* SampleHeartRateAppViewController.xib */ = {isa = PBXFileReference; fileEncoding = 4; lastKnownFileType = file.xib; path = SampleHeartRateAppViewController.xib; sourceTree = "<group>"; };
		2CE8F0BA17E2E7EB002D3FE7 /* SampleHeartRateAppViewController.h */ = {isa = PBXFileReference; fileEncoding = 4; lastKnownFileType = sourcecode.c.h; path = SampleHeartRateAppViewController.h; sourceTree = "<group>"; };
		2CE8F0BB17E2E7EB002D3FE7 /* SampleHeartRateAppViewController.m */ = {isa = PBXFileReference; fileEncoding = 4; lastKnownFileType = sourcecode.c.objc; path = SampleHeartRateAppViewController.m; sourceTree = "<group>"; };
		2CE8F0BC17E2E7EB002D3FE7 /* SimpleChart.h */ = {isa = PBXFileReference; fileEncoding = 4; lastKnownFileType = sourcecode.c.h; path = SimpleChart.h; sourceTree = "<group>"; };
		2CE8F0BD17E2E7EB002D3FE7 /* SimpleChart.m */ = {isa = PBXFileReference; fileEncoding = 4; lastKnownFileType = sourcecode.c.objc; path = SimpleChart.m; sourceTree = "<group>"; };
		2CE8F0C017E2E86D002D3FE7 /* AVFoundation.framework */ = {isa = PBXFileReference; lastKnownFileType = wrapper.framework; name = AVFoundation.framework; path = System/Library/Frameworks/AVFoundation.framework; sourceTree = SDKROOT; };
		2CE8F0C217E2E889002D3FE7 /* CoreMedia.framework */ = {isa = PBXFileReference; lastKnownFileType = wrapper.framework; name = CoreMedia.framework; path = System/Library/Frameworks/CoreMedia.framework; sourceTree = SDKROOT; };
		2CE8F0C417E2E893002D3FE7 /* CoreVideo.framework */ = {isa = PBXFileReference; lastKnownFileType = wrapper.framework; name = CoreVideo.framework; path = System/Library/Frameworks/CoreVideo.framework; sourceTree = SDKROOT; };
		5AC1B26B17E309E9008154A5 /* HelpView.h */ = {isa = PBXFileReference; fileEncoding = 4; lastKnownFileType = sourcecode.c.h; path = HelpView.h; sourceTree = "<group>"; };
		5AC1B26C17E309E9008154A5 /* HelpView.m */ = {isa = PBXFileReference; fileEncoding = 4; lastKnownFileType = sourcecode.c.objc; path = HelpView.m; sourceTree = "<group>"; };
		5AC1B27217E310E0008154A5 /* main_bg.png */ = {isa = PBXFileReference; lastKnownFileType = image.png; path = main_bg.png; sourceTree = "<group>"; };
		5AC1B27417E31ED5008154A5 /* iPhone_big_info@2x.png */ = {isa = PBXFileReference; lastKnownFileType = image.png; path = "iPhone_big_info@2x.png"; sourceTree = "<group>"; };
		5AC1B27817E32690008154A5 /* finger_big_info@2x.png */ = {isa = PBXFileReference; lastKnownFileType = image.png; path = "finger_big_info@2x.png"; sourceTree = "<group>"; };
		5AC1B27A17E32D42008154A5 /* ProximaNova-Light.otf */ = {isa = PBXFileReference; lastKnownFileType = file; path = "ProximaNova-Light.otf"; sourceTree = "<group>"; };
		5AC1B2BD17E33DCA008154A5 /* 2.png */ = {isa = PBXFileReference; lastKnownFileType = image.png; path = 2.png; sourceTree = "<group>"; };
		5AC1B2BE17E33DCA008154A5 /* 3.png */ = {isa = PBXFileReference; lastKnownFileType = image.png; path = 3.png; sourceTree = "<group>"; };
		5AC1B2BF17E33DCA008154A5 /* 4.png */ = {isa = PBXFileReference; lastKnownFileType = image.png; path = 4.png; sourceTree = "<group>"; };
		5AC1B2C017E33DCA008154A5 /* 5.png */ = {isa = PBXFileReference; lastKnownFileType = image.png; path = 5.png; sourceTree = "<group>"; };
		5AC1B2C117E33DCA008154A5 /* 6.png */ = {isa = PBXFileReference; lastKnownFileType = image.png; path = 6.png; sourceTree = "<group>"; };
		5AC1B2C217E33DCA008154A5 /* 7.png */ = {isa = PBXFileReference; lastKnownFileType = image.png; path = 7.png; sourceTree = "<group>"; };
		5AC1B2C317E33DCA008154A5 /* 8.png */ = {isa = PBXFileReference; lastKnownFileType = image.png; path = 8.png; sourceTree = "<group>"; };
		5AC1B2C417E33DCA008154A5 /* 9.png */ = {isa = PBXFileReference; lastKnownFileType = image.png; path = 9.png; sourceTree = "<group>"; };
		5AC1B2C517E33DCA008154A5 /* 10.png */ = {isa = PBXFileReference; lastKnownFileType = image.png; path = 10.png; sourceTree = "<group>"; };
		5AC1B2C617E33DCA008154A5 /* 11.png */ = {isa = PBXFileReference; lastKnownFileType = image.png; path = 11.png; sourceTree = "<group>"; };
		5AC1B2D117E33E08008154A5 /* 1.png */ = {isa = PBXFileReference; lastKnownFileType = image.png; path = 1.png; sourceTree = "<group>"; };
		5AC1B2D617E34CFA008154A5 /* QuartzCore.framework */ = {isa = PBXFileReference; lastKnownFileType = wrapper.framework; name = QuartzCore.framework; path = System/Library/Frameworks/QuartzCore.framework; sourceTree = SDKROOT; };
		5AC1B2D817E3A623008154A5 /* Accelerate.framework */ = {isa = PBXFileReference; lastKnownFileType = wrapper.framework; name = Accelerate.framework; path = System/Library/Frameworks/Accelerate.framework; sourceTree = SDKROOT; };
		5AC1B2DB17E3A771008154A5 /* burger@2x.png */ = {isa = PBXFileReference; lastKnownFileType = image.png; path = "burger@2x.png"; sourceTree = "<group>"; };
		5AC1B2E317E3A7BC008154A5 /* RNFrostedSidebar.h */ = {isa = PBXFileReference; fileEncoding = 4; lastKnownFileType = sourcecode.c.h; path = RNFrostedSidebar.h; sourceTree = "<group>"; };
		5AC1B2E417E3A7BD008154A5 /* RNFrostedSidebar.m */ = {isa = PBXFileReference; fileEncoding = 4; lastKnownFileType = sourcecode.c.objc; path = RNFrostedSidebar.m; sourceTree = "<group>"; };
		5AC1B2E617E3AB63008154A5 /* profile@2x.png */ = {isa = PBXFileReference; lastKnownFileType = image.png; path = "profile@2x.png"; sourceTree = "<group>"; };
		5AC1B2F217E3B8EC008154A5 /* gear@2x.png */ = {isa = PBXFileReference; lastKnownFileType = image.png; path = "gear@2x.png"; sourceTree = "<group>"; };
		5AC1B2F317E3B8EC008154A5 /* star@2x.png */ = {isa = PBXFileReference; lastKnownFileType = image.png; path = "star@2x.png"; sourceTree = "<group>"; };
		5AC1B2F617E3B8FB008154A5 /* globe@2x.png */ = {isa = PBXFileReference; lastKnownFileType = image.png; path = "globe@2x.png"; sourceTree = "<group>"; };
		5AC1B30117E3C10A008154A5 /* beat.aif */ = {isa = PBXFileReference; lastKnownFileType = file; path = beat.aif; sourceTree = "<group>"; };
		5AC1B30317E3C11A008154A5 /* SoundUtil.h */ = {isa = PBXFileReference; fileEncoding = 4; lastKnownFileType = sourcecode.c.h; path = SoundUtil.h; sourceTree = "<group>"; };
		5AC1B30417E3C11A008154A5 /* SoundUtil.m */ = {isa = PBXFileReference; fileEncoding = 4; lastKnownFileType = sourcecode.c.objc; path = SoundUtil.m; sourceTree = "<group>"; };
		5AC1B30617E3C133008154A5 /* AudioToolbox.framework */ = {isa = PBXFileReference; lastKnownFileType = wrapper.framework; name = AudioToolbox.framework; path = System/Library/Frameworks/AudioToolbox.framework; sourceTree = SDKROOT; };
		5AC1B30817E3C20B008154A5 /* countdown.aif */ = {isa = PBXFileReference; lastKnownFileType = file; path = countdown.aif; sourceTree = "<group>"; };
		5AC1B30A17E3C39B008154A5 /* beep-old1.wav */ = {isa = PBXFileReference; lastKnownFileType = audio.wav; path = "beep-old1.wav"; sourceTree = "<group>"; };
/* End PBXFileReference section */

/* Begin PBXFrameworksBuildPhase section */
		2CE8F08F17E2E779002D3FE7 /* Frameworks */ = {
			isa = PBXFrameworksBuildPhase;
			buildActionMask = 2147483647;
			files = (
				5AC1B30717E3C133008154A5 /* AudioToolbox.framework in Frameworks */,
				5AC1B2D917E3A623008154A5 /* Accelerate.framework in Frameworks */,
				5AC1B2D717E34CFA008154A5 /* QuartzCore.framework in Frameworks */,
				2CE8F0C517E2E893002D3FE7 /* CoreVideo.framework in Frameworks */,
				2CE8F0C317E2E889002D3FE7 /* CoreMedia.framework in Frameworks */,
				2CE8F0C117E2E86D002D3FE7 /* AVFoundation.framework in Frameworks */,
				2CE8F09617E2E779002D3FE7 /* UIKit.framework in Frameworks */,
				2CE8F09817E2E779002D3FE7 /* Foundation.framework in Frameworks */,
				2CE8F09A17E2E779002D3FE7 /* CoreGraphics.framework in Frameworks */,
			);
			runOnlyForDeploymentPostprocessing = 0;
		};
/* End PBXFrameworksBuildPhase section */

/* Begin PBXGroup section */
		2CE8F08917E2E779002D3FE7 = {
			isa = PBXGroup;
			children = (
				2CE8F09B17E2E779002D3FE7 /* HeartBeatAnalyzer */,
				2CE8F09417E2E779002D3FE7 /* Frameworks */,
				2CE8F09317E2E779002D3FE7 /* Products */,
			);
			sourceTree = "<group>";
		};
		2CE8F09317E2E779002D3FE7 /* Products */ = {
			isa = PBXGroup;
			children = (
				2CE8F09217E2E779002D3FE7 /* HeartBeatAnalyzer.app */,
			);
			name = Products;
			sourceTree = "<group>";
		};
		2CE8F09417E2E779002D3FE7 /* Frameworks */ = {
			isa = PBXGroup;
			children = (
				5AC1B30617E3C133008154A5 /* AudioToolbox.framework */,
				5AC1B2D817E3A623008154A5 /* Accelerate.framework */,
				5AC1B2D617E34CFA008154A5 /* QuartzCore.framework */,
				2CE8F0C417E2E893002D3FE7 /* CoreVideo.framework */,
				2CE8F0C217E2E889002D3FE7 /* CoreMedia.framework */,
				2CE8F0C017E2E86D002D3FE7 /* AVFoundation.framework */,
				2CE8F09517E2E779002D3FE7 /* UIKit.framework */,
				2CE8F09717E2E779002D3FE7 /* Foundation.framework */,
				2CE8F09917E2E779002D3FE7 /* CoreGraphics.framework */,
			);
			name = Frameworks;
			sourceTree = "<group>";
		};
		2CE8F09B17E2E779002D3FE7 /* HeartBeatAnalyzer */ = {
			isa = PBXGroup;
			children = (
				2CE8F0B817E2E7DE002D3FE7 /* SampleHeartRateAppViewController.xib */,
				2CE8F0BA17E2E7EB002D3FE7 /* SampleHeartRateAppViewController.h */,
				2CE8F0BB17E2E7EB002D3FE7 /* SampleHeartRateAppViewController.m */,
				2C216D3D17E3A91100F2664A /* HistoryTableViewCell.h */,
				2C216D3E17E3A91100F2664A /* HistoryTableViewCell.m */,
				2C216D4017E3A93800F2664A /* HistoryTBViewController.h */,
				2C216D4117E3A93800F2664A /* HistoryTBViewController.m */,
				2CE8F0BC17E2E7EB002D3FE7 /* SimpleChart.h */,
				2CE8F0BD17E2E7EB002D3FE7 /* SimpleChart.m */,
				5AC1B26B17E309E9008154A5 /* HelpView.h */,
				5AC1B26C17E309E9008154A5 /* HelpView.m */,
				5AC1B30317E3C11A008154A5 /* SoundUtil.h */,
				5AC1B30417E3C11A008154A5 /* SoundUtil.m */,
				5AC1B2E317E3A7BC008154A5 /* RNFrostedSidebar.h */,
				5AC1B2E417E3A7BD008154A5 /* RNFrostedSidebar.m */,
				2CE8F0A417E2E779002D3FE7 /* AppDelegate.h */,
				2CE8F0A517E2E779002D3FE7 /* AppDelegate.m */,
				2CE8F09C17E2E779002D3FE7 /* Supporting Files */,
			);
			path = HeartBeatAnalyzer;
			sourceTree = "<group>";
		};
		2CE8F09C17E2E779002D3FE7 /* Supporting Files */ = {
			isa = PBXGroup;
			children = (
				5AC1B30817E3C20B008154A5 /* countdown.aif */,
				5AC1B30A17E3C39B008154A5 /* beep-old1.wav */,
				5AC1B30117E3C10A008154A5 /* beat.aif */,
				2C216D4317E3BEF500F2664A /* history_bg@2x.png */,
				5AC1B2DA17E3A728008154A5 /* menuImages */,
				5AC1B27C17E334A4008154A5 /* heartImages */,
				5AC1B27A17E32D42008154A5 /* ProximaNova-Light.otf */,
				5AC1B27817E32690008154A5 /* finger_big_info@2x.png */,
				5AC1B27417E31ED5008154A5 /* iPhone_big_info@2x.png */,
				2CE8F09D17E2E779002D3FE7 /* HeartBeatAnalyzer-Info.plist */,
				5AC1B27217E310E0008154A5 /* main_bg.png */,
				2CE8F09E17E2E779002D3FE7 /* InfoPlist.strings */,
				2CE8F0A117E2E779002D3FE7 /* main.m */,
				2CE8F0A317E2E779002D3FE7 /* HeartBeatAnalyzer-Prefix.pch */,
				2CE8F0A717E2E779002D3FE7 /* Default.png */,
				2CE8F0A917E2E779002D3FE7 /* Default@2x.png */,
				2CE8F0AB17E2E779002D3FE7 /* Default-568h@2x.png */,
			);
			name = "Supporting Files";
			sourceTree = "<group>";
		};
		5AC1B27C17E334A4008154A5 /* heartImages */ = {
			isa = PBXGroup;
			children = (
				5AC1B2D117E33E08008154A5 /* 1.png */,
				5AC1B2BD17E33DCA008154A5 /* 2.png */,
				5AC1B2BE17E33DCA008154A5 /* 3.png */,
				5AC1B2BF17E33DCA008154A5 /* 4.png */,
				5AC1B2C017E33DCA008154A5 /* 5.png */,
				5AC1B2C117E33DCA008154A5 /* 6.png */,
				5AC1B2C217E33DCA008154A5 /* 7.png */,
				5AC1B2C317E33DCA008154A5 /* 8.png */,
				5AC1B2C417E33DCA008154A5 /* 9.png */,
				5AC1B2C517E33DCA008154A5 /* 10.png */,
				5AC1B2C617E33DCA008154A5 /* 11.png */,
			);
			name = heartImages;
			sourceTree = "<group>";
		};
		5AC1B2DA17E3A728008154A5 /* menuImages */ = {
			isa = PBXGroup;
			children = (
				5AC1B2DB17E3A771008154A5 /* burger@2x.png */,
				5AC1B2E617E3AB63008154A5 /* profile@2x.png */,
				5AC1B2F217E3B8EC008154A5 /* gear@2x.png */,
				5AC1B2F317E3B8EC008154A5 /* star@2x.png */,
				5AC1B2F617E3B8FB008154A5 /* globe@2x.png */,
			);
			name = menuImages;
			sourceTree = "<group>";
		};
/* End PBXGroup section */

/* Begin PBXNativeTarget section */
		2CE8F09117E2E779002D3FE7 /* HeartBeatAnalyzer */ = {
			isa = PBXNativeTarget;
			buildConfigurationList = 2CE8F0B517E2E77A002D3FE7 /* Build configuration list for PBXNativeTarget "HeartBeatAnalyzer" */;
			buildPhases = (
				2CE8F08E17E2E779002D3FE7 /* Sources */,
				2CE8F08F17E2E779002D3FE7 /* Frameworks */,
				2CE8F09017E2E779002D3FE7 /* Resources */,
			);
			buildRules = (
			);
			dependencies = (
			);
			name = HeartBeatAnalyzer;
			productName = HeartBeatAnalyzer;
			productReference = 2CE8F09217E2E779002D3FE7 /* HeartBeatAnalyzer.app */;
			productType = "com.apple.product-type.application";
		};
/* End PBXNativeTarget section */

/* Begin PBXProject section */
		2CE8F08A17E2E779002D3FE7 /* Project object */ = {
			isa = PBXProject;
			attributes = {
				LastUpgradeCheck = 0460;
				ORGANIZATIONNAME = Sourcio;
			};
			buildConfigurationList = 2CE8F08D17E2E779002D3FE7 /* Build configuration list for PBXProject "HeartBeatAnalyzer" */;
			compatibilityVersion = "Xcode 3.2";
			developmentRegion = English;
			hasScannedForEncodings = 0;
			knownRegions = (
				en,
			);
			mainGroup = 2CE8F08917E2E779002D3FE7;
			productRefGroup = 2CE8F09317E2E779002D3FE7 /* Products */;
			projectDirPath = "";
			projectRoot = "";
			targets = (
				2CE8F09117E2E779002D3FE7 /* HeartBeatAnalyzer */,
			);
		};
/* End PBXProject section */

/* Begin PBXResourcesBuildPhase section */
		2CE8F09017E2E779002D3FE7 /* Resources */ = {
			isa = PBXResourcesBuildPhase;
			buildActionMask = 2147483647;
			files = (
				2CE8F0A017E2E779002D3FE7 /* InfoPlist.strings in Resources */,
				2CE8F0A817E2E779002D3FE7 /* Default.png in Resources */,
				2CE8F0AA17E2E779002D3FE7 /* Default@2x.png in Resources */,
				2CE8F0AC17E2E779002D3FE7 /* Default-568h@2x.png in Resources */,
				2CE8F0B917E2E7DE002D3FE7 /* SampleHeartRateAppViewController.xib in Resources */,
				5AC1B27317E310E0008154A5 /* main_bg.png in Resources */,
				5AC1B27517E31ED5008154A5 /* iPhone_big_info@2x.png in Resources */,
				5AC1B27917E32690008154A5 /* finger_big_info@2x.png in Resources */,
				5AC1B27B17E32D42008154A5 /* ProximaNova-Light.otf in Resources */,
				5AC1B2C717E33DCA008154A5 /* 2.png in Resources */,
				5AC1B2C817E33DCA008154A5 /* 3.png in Resources */,
				5AC1B2C917E33DCA008154A5 /* 4.png in Resources */,
				5AC1B2CA17E33DCA008154A5 /* 5.png in Resources */,
				5AC1B2CB17E33DCA008154A5 /* 6.png in Resources */,
				5AC1B2CC17E33DCA008154A5 /* 7.png in Resources */,
				5AC1B2CD17E33DCA008154A5 /* 8.png in Resources */,
				5AC1B2CE17E33DCA008154A5 /* 9.png in Resources */,
				5AC1B2CF17E33DCA008154A5 /* 10.png in Resources */,
				5AC1B2D017E33DCA008154A5 /* 11.png in Resources */,
				5AC1B2D217E33E08008154A5 /* 1.png in Resources */,
				5AC1B2DF17E3A771008154A5 /* burger@2x.png in Resources */,
				5AC1B2E717E3AB63008154A5 /* profile@2x.png in Resources */,
				5AC1B2F417E3B8EC008154A5 /* gear@2x.png in Resources */,
				5AC1B2F517E3B8EC008154A5 /* star@2x.png in Resources */,
				5AC1B2F717E3B8FB008154A5 /* globe@2x.png in Resources */,
				2C216D4417E3BEF500F2664A /* history_bg@2x.png in Resources */,
				5AC1B30217E3C10A008154A5 /* beat.aif in Resources */,
				5AC1B30917E3C20B008154A5 /* countdown.aif in Resources */,
				5AC1B30B17E3C39B008154A5 /* beep-old1.wav in Resources */,
			);
			runOnlyForDeploymentPostprocessing = 0;
		};
/* End PBXResourcesBuildPhase section */

/* Begin PBXSourcesBuildPhase section */
		2CE8F08E17E2E779002D3FE7 /* Sources */ = {
			isa = PBXSourcesBuildPhase;
			buildActionMask = 2147483647;
			files = (
				2CE8F0A217E2E779002D3FE7 /* main.m in Sources */,
				2CE8F0A617E2E779002D3FE7 /* AppDelegate.m in Sources */,
				2CE8F0BE17E2E7EB002D3FE7 /* SampleHeartRateAppViewController.m in Sources */,
				2CE8F0BF17E2E7EB002D3FE7 /* SimpleChart.m in Sources */,
				5AC1B26D17E309E9008154A5 /* HelpView.m in Sources */,
				2C216D3F17E3A91100F2664A /* HistoryTableViewCell.m in Sources */,
				2C216D4217E3A93800F2664A /* HistoryTBViewController.m in Sources */,
				5AC1B2E517E3A7BD008154A5 /* RNFrostedSidebar.m in Sources */,
				5AC1B30517E3C11A008154A5 /* SoundUtil.m in Sources */,
			);
			runOnlyForDeploymentPostprocessing = 0;
		};
/* End PBXSourcesBuildPhase section */

/* Begin PBXVariantGroup section */
		2CE8F09E17E2E779002D3FE7 /* InfoPlist.strings */ = {
			isa = PBXVariantGroup;
			children = (
				2CE8F09F17E2E779002D3FE7 /* en */,
			);
			name = InfoPlist.strings;
			sourceTree = "<group>";
		};
/* End PBXVariantGroup section */

/* Begin XCBuildConfiguration section */
		2CE8F0B317E2E77A002D3FE7 /* Debug */ = {
			isa = XCBuildConfiguration;
			buildSettings = {
				ALWAYS_SEARCH_USER_PATHS = NO;
				CLANG_CXX_LANGUAGE_STANDARD = "gnu++0x";
				CLANG_CXX_LIBRARY = "libc++";
				CLANG_ENABLE_OBJC_ARC = YES;
				CLANG_WARN_CONSTANT_CONVERSION = YES;
				CLANG_WARN_EMPTY_BODY = YES;
				CLANG_WARN_ENUM_CONVERSION = YES;
				CLANG_WARN_INT_CONVERSION = YES;
				CLANG_WARN__DUPLICATE_METHOD_MATCH = YES;
				"CODE_SIGN_IDENTITY[sdk=iphoneos*]" = "iPhone Developer";
				COPY_PHASE_STRIP = NO;
				GCC_C_LANGUAGE_STANDARD = gnu99;
				GCC_DYNAMIC_NO_PIC = NO;
				GCC_OPTIMIZATION_LEVEL = 0;
				GCC_PREPROCESSOR_DEFINITIONS = (
					"DEBUG=1",
					"$(inherited)",
				);
				GCC_SYMBOLS_PRIVATE_EXTERN = NO;
				GCC_WARN_ABOUT_RETURN_TYPE = YES;
				GCC_WARN_UNINITIALIZED_AUTOS = YES;
				GCC_WARN_UNUSED_VARIABLE = YES;
				IPHONEOS_DEPLOYMENT_TARGET = 6.1;
				ONLY_ACTIVE_ARCH = YES;
				SDKROOT = iphoneos;
			};
			name = Debug;
		};
		2CE8F0B417E2E77A002D3FE7 /* Release */ = {
			isa = XCBuildConfiguration;
			buildSettings = {
				ALWAYS_SEARCH_USER_PATHS = NO;
				CLANG_CXX_LANGUAGE_STANDARD = "gnu++0x";
				CLANG_CXX_LIBRARY = "libc++";
				CLANG_ENABLE_OBJC_ARC = YES;
				CLANG_WARN_CONSTANT_CONVERSION = YES;
				CLANG_WARN_EMPTY_BODY = YES;
				CLANG_WARN_ENUM_CONVERSION = YES;
				CLANG_WARN_INT_CONVERSION = YES;
				CLANG_WARN__DUPLICATE_METHOD_MATCH = YES;
				"CODE_SIGN_IDENTITY[sdk=iphoneos*]" = "iPhone Developer";
				COPY_PHASE_STRIP = YES;
				GCC_C_LANGUAGE_STANDARD = gnu99;
				GCC_WARN_ABOUT_RETURN_TYPE = YES;
				GCC_WARN_UNINITIALIZED_AUTOS = YES;
				GCC_WARN_UNUSED_VARIABLE = YES;
				IPHONEOS_DEPLOYMENT_TARGET = 6.1;
				OTHER_CFLAGS = "-DNS_BLOCK_ASSERTIONS=1";
				SDKROOT = iphoneos;
				VALIDATE_PRODUCT = YES;
			};
			name = Release;
		};
		2CE8F0B617E2E77A002D3FE7 /* Debug */ = {
			isa = XCBuildConfiguration;
			buildSettings = {
				GCC_PRECOMPILE_PREFIX_HEADER = YES;
				GCC_PREFIX_HEADER = "HeartBeatAnalyzer/HeartBeatAnalyzer-Prefix.pch";
				INFOPLIST_FILE = "HeartBeatAnalyzer/HeartBeatAnalyzer-Info.plist";
				PRODUCT_NAME = "$(TARGET_NAME)";
				WRAPPER_EXTENSION = app;
			};
			name = Debug;
		};
		2CE8F0B717E2E77A002D3FE7 /* Release */ = {
			isa = XCBuildConfiguration;
			buildSettings = {
				GCC_PRECOMPILE_PREFIX_HEADER = YES;
				GCC_PREFIX_HEADER = "HeartBeatAnalyzer/HeartBeatAnalyzer-Prefix.pch";
				INFOPLIST_FILE = "HeartBeatAnalyzer/HeartBeatAnalyzer-Info.plist";
				PRODUCT_NAME = "$(TARGET_NAME)";
				WRAPPER_EXTENSION = app;
			};
			name = Release;
		};
/* End XCBuildConfiguration section */

/* Begin XCConfigurationList section */
		2CE8F08D17E2E779002D3FE7 /* Build configuration list for PBXProject "HeartBeatAnalyzer" */ = {
			isa = XCConfigurationList;
			buildConfigurations = (
				2CE8F0B317E2E77A002D3FE7 /* Debug */,
				2CE8F0B417E2E77A002D3FE7 /* Release */,
			);
			defaultConfigurationIsVisible = 0;
			defaultConfigurationName = Release;
		};
		2CE8F0B517E2E77A002D3FE7 /* Build configuration list for PBXNativeTarget "HeartBeatAnalyzer" */ = {
			isa = XCConfigurationList;
			buildConfigurations = (
				2CE8F0B617E2E77A002D3FE7 /* Debug */,
				2CE8F0B717E2E77A002D3FE7 /* Release */,
			);
			defaultConfigurationIsVisible = 0;
			defaultConfigurationName = Release;
		};
/* End XCConfigurationList section */
	};
	rootObject = 2CE8F08A17E2E779002D3FE7 /* Project object */;
}
